
Microsoft Visual Studio Solution File, Format Version 12.00
# Visual Studio 15
VisualStudioVersion = 15.0.27130.2027
MinimumVisualStudioVersion = 10.0.40219.1
Project("{8BC9CEB8-8B4A-11D0-8D11-00A0C91BC942}") = "array", "array\array.vcxproj", "{30409ACA-9409-465E-94F5-273F223DCC16}"
EndProject
Global
	GlobalSection(SolutionConfigurationPlatforms) = preSolution
		Debug|x64 = Debug|x64
		Debug|x86 = Debug|x86
		Release|x64 = Release|x64
		Release|x86 = Release|x86
	EndGlobalSection
	GlobalSection(ProjectConfigurationPlatforms) = postSolution
		{30409ACA-9409-465E-94F5-273F223DCC16}.Debug|x64.ActiveCfg = Debug|x64
		{30409ACA-9409-465E-94F5-273F223DCC16}.Debug|x64.Build.0 = Debug|x64
		{30409ACA-9409-465E-94F5-273F223DCC16}.Debug|x86.ActiveCfg = Debug|Win32
		{30409ACA-9409-465E-94F5-273F223DCC16}.Debug|x86.Build.0 = Debug|Win32
		{30409ACA-9409-465E-94F5-273F223DCC16}.Release|x64.ActiveCfg = Release|x64
		{30409ACA-9409-465E-94F5-273F223DCC16}.Release|x64.Build.0 = Release|x64
		{30409ACA-9409-465E-94F5-273F223DCC16}.Release|x86.ActiveCfg = Release|Win32
		{30409ACA-9409-465E-94F5-273F223DCC16}.Release|x86.Build.0 = Release|Win32
	EndGlobalSection
	GlobalSection(SolutionProperties) = preSolution
		HideSolutionNode = FALSE
	EndGlobalSection
	GlobalSection(ExtensibilityGlobals) = postSolution
		SolutionGuid = {B2A07879-082C-44E8-89E4-DF81C8CDA9FD}
	EndGlobalSection
EndGlobal
