
Microsoft Visual Studio Solution File, Format Version 12.00
# Visual Studio 15
VisualStudioVersion = 15.0.27130.2027
MinimumVisualStudioVersion = 10.0.40219.1
Project("{8BC9CEB8-8B4A-11D0-8D11-00A0C91BC942}") = "Hello", "Hello\Hello.vcxproj", "{62068CC5-E656-4D8E-B597-783013EA2CA3}"
EndProject
Global
	GlobalSection(SolutionConfigurationPlatforms) = preSolution
		Debug|x64 = Debug|x64
		Debug|x86 = Debug|x86
		Release|x64 = Release|x64
		Release|x86 = Release|x86
	EndGlobalSection
	GlobalSection(ProjectConfigurationPlatforms) = postSolution
		{62068CC5-E656-4D8E-B597-783013EA2CA3}.Debug|x64.ActiveCfg = Debug|x64
		{62068CC5-E656-4D8E-B597-783013EA2CA3}.Debug|x64.Build.0 = Debug|x64
		{62068CC5-E656-4D8E-B597-783013EA2CA3}.Debug|x86.ActiveCfg = Debug|Win32
		{62068CC5-E656-4D8E-B597-783013EA2CA3}.Debug|x86.Build.0 = Debug|Win32
		{62068CC5-E656-4D8E-B597-783013EA2CA3}.Release|x64.ActiveCfg = Release|x64
		{62068CC5-E656-4D8E-B597-783013EA2CA3}.Release|x64.Build.0 = Release|x64
		{62068CC5-E656-4D8E-B597-783013EA2CA3}.Release|x86.ActiveCfg = Release|Win32
		{62068CC5-E656-4D8E-B597-783013EA2CA3}.Release|x86.Build.0 = Release|Win32
	EndGlobalSection
	GlobalSection(SolutionProperties) = preSolution
		HideSolutionNode = FALSE
	EndGlobalSection
	GlobalSection(ExtensibilityGlobals) = postSolution
		SolutionGuid = {462E722B-3DD9-4B3C-94D6-21C03CA918E0}
	EndGlobalSection
EndGlobal
