
Microsoft Visual Studio Solution File, Format Version 12.00
# Visual Studio 15
VisualStudioVersion = 15.0.27130.2027
MinimumVisualStudioVersion = 10.0.40219.1
Project("{8BC9CEB8-8B4A-11D0-8D11-00A0C91BC942}") = "malloc_sort", "malloc_sort\malloc_sort.vcxproj", "{309D86F1-D0C2-4E83-B133-029C1897D158}"
EndProject
Global
	GlobalSection(SolutionConfigurationPlatforms) = preSolution
		Debug|x64 = Debug|x64
		Debug|x86 = Debug|x86
		Release|x64 = Release|x64
		Release|x86 = Release|x86
	EndGlobalSection
	GlobalSection(ProjectConfigurationPlatforms) = postSolution
		{309D86F1-D0C2-4E83-B133-029C1897D158}.Debug|x64.ActiveCfg = Debug|x64
		{309D86F1-D0C2-4E83-B133-029C1897D158}.Debug|x64.Build.0 = Debug|x64
		{309D86F1-D0C2-4E83-B133-029C1897D158}.Debug|x86.ActiveCfg = Debug|Win32
		{309D86F1-D0C2-4E83-B133-029C1897D158}.Debug|x86.Build.0 = Debug|Win32
		{309D86F1-D0C2-4E83-B133-029C1897D158}.Release|x64.ActiveCfg = Release|x64
		{309D86F1-D0C2-4E83-B133-029C1897D158}.Release|x64.Build.0 = Release|x64
		{309D86F1-D0C2-4E83-B133-029C1897D158}.Release|x86.ActiveCfg = Release|Win32
		{309D86F1-D0C2-4E83-B133-029C1897D158}.Release|x86.Build.0 = Release|Win32
	EndGlobalSection
	GlobalSection(SolutionProperties) = preSolution
		HideSolutionNode = FALSE
	EndGlobalSection
	GlobalSection(ExtensibilityGlobals) = postSolution
		SolutionGuid = {B32A0A9C-D860-4D4E-8153-A885294F1493}
	EndGlobalSection
EndGlobal
