
Microsoft Visual Studio Solution File, Format Version 12.00
# Visual Studio 15
VisualStudioVersion = 15.0.27130.2027
MinimumVisualStudioVersion = 10.0.40219.1
Project("{8BC9CEB8-8B4A-11D0-8D11-00A0C91BC942}") = "struct_1", "struct_1\struct_1.vcxproj", "{543BA4D9-5FB8-4AAF-9DCA-EAD080F0CBE6}"
EndProject
Global
	GlobalSection(SolutionConfigurationPlatforms) = preSolution
		Debug|x64 = Debug|x64
		Debug|x86 = Debug|x86
		Release|x64 = Release|x64
		Release|x86 = Release|x86
	EndGlobalSection
	GlobalSection(ProjectConfigurationPlatforms) = postSolution
		{543BA4D9-5FB8-4AAF-9DCA-EAD080F0CBE6}.Debug|x64.ActiveCfg = Debug|x64
		{543BA4D9-5FB8-4AAF-9DCA-EAD080F0CBE6}.Debug|x64.Build.0 = Debug|x64
		{543BA4D9-5FB8-4AAF-9DCA-EAD080F0CBE6}.Debug|x86.ActiveCfg = Debug|Win32
		{543BA4D9-5FB8-4AAF-9DCA-EAD080F0CBE6}.Debug|x86.Build.0 = Debug|Win32
		{543BA4D9-5FB8-4AAF-9DCA-EAD080F0CBE6}.Release|x64.ActiveCfg = Release|x64
		{543BA4D9-5FB8-4AAF-9DCA-EAD080F0CBE6}.Release|x64.Build.0 = Release|x64
		{543BA4D9-5FB8-4AAF-9DCA-EAD080F0CBE6}.Release|x86.ActiveCfg = Release|Win32
		{543BA4D9-5FB8-4AAF-9DCA-EAD080F0CBE6}.Release|x86.Build.0 = Release|Win32
	EndGlobalSection
	GlobalSection(SolutionProperties) = preSolution
		HideSolutionNode = FALSE
	EndGlobalSection
	GlobalSection(ExtensibilityGlobals) = postSolution
		SolutionGuid = {4A357BEB-1011-490F-BDBE-28E72327ACAB}
	EndGlobalSection
EndGlobal
