
Microsoft Visual Studio Solution File, Format Version 12.00
# Visual Studio 15
VisualStudioVersion = 15.0.27130.2027
MinimumVisualStudioVersion = 10.0.40219.1
Project("{8BC9CEB8-8B4A-11D0-8D11-00A0C91BC942}") = "hands", "hands\hands.vcxproj", "{3BAA4F1A-EE4E-4E80-8456-C6E9C1BD4572}"
EndProject
Global
	GlobalSection(SolutionConfigurationPlatforms) = preSolution
		Debug|x64 = Debug|x64
		Debug|x86 = Debug|x86
		Release|x64 = Release|x64
		Release|x86 = Release|x86
	EndGlobalSection
	GlobalSection(ProjectConfigurationPlatforms) = postSolution
		{3BAA4F1A-EE4E-4E80-8456-C6E9C1BD4572}.Debug|x64.ActiveCfg = Debug|x64
		{3BAA4F1A-EE4E-4E80-8456-C6E9C1BD4572}.Debug|x64.Build.0 = Debug|x64
		{3BAA4F1A-EE4E-4E80-8456-C6E9C1BD4572}.Debug|x86.ActiveCfg = Debug|Win32
		{3BAA4F1A-EE4E-4E80-8456-C6E9C1BD4572}.Debug|x86.Build.0 = Debug|Win32
		{3BAA4F1A-EE4E-4E80-8456-C6E9C1BD4572}.Release|x64.ActiveCfg = Release|x64
		{3BAA4F1A-EE4E-4E80-8456-C6E9C1BD4572}.Release|x64.Build.0 = Release|x64
		{3BAA4F1A-EE4E-4E80-8456-C6E9C1BD4572}.Release|x86.ActiveCfg = Release|Win32
		{3BAA4F1A-EE4E-4E80-8456-C6E9C1BD4572}.Release|x86.Build.0 = Release|Win32
	EndGlobalSection
	GlobalSection(SolutionProperties) = preSolution
		HideSolutionNode = FALSE
	EndGlobalSection
	GlobalSection(ExtensibilityGlobals) = postSolution
		SolutionGuid = {021FE60E-F82E-4E2B-BA58-3E119C8BBC71}
	EndGlobalSection
EndGlobal
